
Microsoft Visual Studio Solution File, Format Version 11.00
# Visual Studio 2010
Project("{FAE04EC0-301F-11D3-BF4B-00C04F79EFBC}") = "XwtXmlDesignerAddIn", "XwtXmlDesignerAddIn\XwtXmlDesignerAddIn.csproj", "{B9730448-7538-479A-A870-105F3CAF99D0}"
EndProject
Global
	GlobalSection(SolutionConfigurationPlatforms) = preSolution
		Debug|Any CPU = Debug|Any CPU
		Release|Any CPU = Release|Any CPU
	EndGlobalSection
	GlobalSection(ProjectConfigurationPlatforms) = postSolution
		{B9730448-7538-479A-A870-105F3CAF99D0}.Debug|Any CPU.ActiveCfg = Debug|Any CPU
		{B9730448-7538-479A-A870-105F3CAF99D0}.Debug|Any CPU.Build.0 = Debug|Any CPU
		{B9730448-7538-479A-A870-105F3CAF99D0}.Release|Any CPU.ActiveCfg = Release|Any CPU
		{B9730448-7538-479A-A870-105F3CAF99D0}.Release|Any CPU.Build.0 = Release|Any CPU
	EndGlobalSection
	GlobalSection(MonoDevelopProperties) = preSolution
		StartupItem = XwtXmlDesignerAddIn\XwtXmlDesignerAddIn.csproj
	EndGlobalSection
EndGlobal
